{
  "name": "serverless-redirect",
  "version": "1.0.0",
  "lockfileVersion": 1,
  "requires": true,
  "dependencies": {
    "cloudfront-express": {
      "version": "1.0.4",
      "resolved": "https://registry.npmjs.org/cloudfront-express/-/cloudfront-express-1.0.4.tgz",
      "integrity": "sha512-L6NpwMB9Pc6LaVyNr4NcmJF7gOOpyM3FfpHaWZ49gIyqihEUG/ih2YZhsANutumCIyMS75cre9/bWZKEzX83yA==",
      "requires": {
        "lodash.foreach": "4.5.0"
      }
    },
    "jwt-decode": {
      "version": "2.2.0",
      "resolved": "https://registry.npmjs.org/jwt-decode/-/jwt-decode-2.2.0.tgz",
      "integrity": "sha1-fYa9VmefWM5qhHBKZX3TkruoGnk="
    },
    "lodash.foreach": {
      "version": "4.5.0",
      "resolved": "https://registry.npmjs.org/lodash.foreach/-/lodash.foreach-4.5.0.tgz",
      "integrity": "sha1-Gmo16s5AEoDH8G3d7DUWWrJ+PlM="
    }
  }
}
