{
  "name": "dynamic-css",
  "version": "1.0.0",
  "lockfileVersion": 1,
  "requires": true,
  "dependencies": {
    "cloudfront-express": {
      "version": "1.0.4",
      "resolved": "https://registry.npmjs.org/cloudfront-express/-/cloudfront-express-1.0.4.tgz",
      "integrity": "sha512-L6NpwMB9Pc6LaVyNr4NcmJF7gOOpyM3FfpHaWZ49gIyqihEUG/ih2YZhsANutumCIyMS75cre9/bWZKEzX83yA==",
      "requires": {
        "lodash.foreach": "4.5.0"
      }
    },
    "lodash.foreach": {
      "version": "4.5.0",
      "resolved": "https://registry.npmjs.org/lodash.foreach/-/lodash.foreach-4.5.0.tgz",
      "integrity": "sha1-Gmo16s5AEoDH8G3d7DUWWrJ+PlM="
    },
    "node-css": {
      "version": "0.1.0",
      "resolved": "https://registry.npmjs.org/node-css/-/node-css-0.1.0.tgz",
      "integrity": "sha1-YUgpRfdqQzoG38Yr1bq7dUQq6Y8="
    }
  }
}
